// !$*UTF8*$!
{
	archiveVersion = 1;
	classes = {
	};
	objectVersion = 56;
	objects = {

/* Begin PBXBuildFile section */
		2AED5D022BD1A4A800A74182 /* AppDelegate.swift in Sources */ = {isa = PBXBuildFile; fileRef = 2AED5D012BD1A4A800A74182 /* AppDelegate.swift */; };
		2AED5D042BD1A4A800A74182 /* SceneDelegate.swift in Sources */ = {isa = PBXBuildFile; fileRef = 2AED5D032BD1A4A800A74182 /* SceneDelegate.swift */; };
		2AED5D0C2BD1A4A900A74182 /* PremierLeagueX.xcdatamodeld in Sources */ = {isa = PBXBuildFile; fileRef = 2AED5D0A2BD1A4A800A74182 /* PremierLeagueX.xcdatamodeld */; };
		2AED5D0E2BD1A4AB00A74182 /* Assets.xcassets in Resources */ = {isa = PBXBuildFile; fileRef = 2AED5D0D2BD1A4AB00A74182 /* Assets.xcassets */; };
		2AED5D112BD1A4AB00A74182 /* Base in Resources */ = {isa = PBXBuildFile; fileRef = 2AED5D102BD1A4AB00A74182 /* Base */; };
		2AED5D1C2BD1A4AB00A74182 /* PremierLeagueXTests.swift in Sources */ = {isa = PBXBuildFile; fileRef = 2AED5D1B2BD1A4AB00A74182 /* PremierLeagueXTests.swift */; };
		2AED5D262BD1A4AB00A74182 /* PremierLeagueXUITests.swift in Sources */ = {isa = PBXBuildFile; fileRef = 2AED5D252BD1A4AB00A74182 /* PremierLeagueXUITests.swift */; };
		2AED5D282BD1A4AB00A74182 /* PremierLeagueXUITestsLaunchTests.swift in Sources */ = {isa = PBXBuildFile; fileRef = 2AED5D272BD1A4AB00A74182 /* PremierLeagueXUITestsLaunchTests.swift */; };
		2AED5D3F2BD1BC1500A74182 /* HomeViewController.xib in Resources */ = {isa = PBXBuildFile; fileRef = 2AED5D3E2BD1BC1500A74182 /* HomeViewController.xib */; };
		2AED5D402BD1BC1500A74182 /* HomeViewController.swift in Sources */ = {isa = PBXBuildFile; fileRef = 2AED5D3D2BD1BC1500A74182 /* HomeViewController.swift */; };
		2AED5D422BD1BC8F00A74182 /* HomeViewModel.swift in Sources */ = {isa = PBXBuildFile; fileRef = 2AED5D412BD1BC8F00A74182 /* HomeViewModel.swift */; };
		2AED5D442BD1BCB300A74182 /* HomeViewModelType.swift in Sources */ = {isa = PBXBuildFile; fileRef = 2AED5D432BD1BCB300A74182 /* HomeViewModelType.swift */; };
		2AED5D472BD1BD0C00A74182 /* FavouriteViewController.xib in Resources */ = {isa = PBXBuildFile; fileRef = 2AED5D462BD1BD0C00A74182 /* FavouriteViewController.xib */; };
		2AED5D482BD1BD0C00A74182 /* FavouriteViewController.swift in Sources */ = {isa = PBXBuildFile; fileRef = 2AED5D452BD1BD0C00A74182 /* FavouriteViewController.swift */; };
		2AED5D4A2BD1BD1600A74182 /* FavouriteViewModel.swift in Sources */ = {isa = PBXBuildFile; fileRef = 2AED5D492BD1BD1600A74182 /* FavouriteViewModel.swift */; };
		2AED5D4C2BD1BD2500A74182 /* FavouriteViewModelType.swift in Sources */ = {isa = PBXBuildFile; fileRef = 2AED5D4B2BD1BD2500A74182 /* FavouriteViewModelType.swift */; };
		2AED5D502BD1BE7F00A74182 /* MainTabBarController.swift in Sources */ = {isa = PBXBuildFile; fileRef = 2AED5D4F2BD1BE7F00A74182 /* MainTabBarController.swift */; };
		2AED5D522BD1BFDD00A74182 /* Coordinator.swift in Sources */ = {isa = PBXBuildFile; fileRef = 2AED5D512BD1BFDD00A74182 /* Coordinator.swift */; };
		2AED5D542BD1C01100A74182 /* AppCoordinator.swift in Sources */ = {isa = PBXBuildFile; fileRef = 2AED5D532BD1C01100A74182 /* AppCoordinator.swift */; };
		2AED5D562BD1C04900A74182 /* DashboardCoordinator.swift in Sources */ = {isa = PBXBuildFile; fileRef = 2AED5D552BD1C04900A74182 /* DashboardCoordinator.swift */; };
		2AED5D5E2BD1C97C00A74182 /* TargetType.swift in Sources */ = {isa = PBXBuildFile; fileRef = 2AED5D5D2BD1C97C00A74182 /* TargetType.swift */; };
		2AED5D602BD1C99400A74182 /* APIClient.swift in Sources */ = {isa = PBXBuildFile; fileRef = 2AED5D5F2BD1C99400A74182 /* APIClient.swift */; };
		2AED5D622BD1C9A000A74182 /* Resources.swift in Sources */ = {isa = PBXBuildFile; fileRef = 2AED5D612BD1C9A000A74182 /* Resources.swift */; };
		2AED5D642BD1C9B000A74182 /* Token.swift in Sources */ = {isa = PBXBuildFile; fileRef = 2AED5D632BD1C9B000A74182 /* Token.swift */; };
		2AED5D662BD1C9EF00A74182 /* ServicesLocator.swift in Sources */ = {isa = PBXBuildFile; fileRef = 2AED5D652BD1C9EF00A74182 /* ServicesLocator.swift */; };
		2AED5D6C2BD1CB2300A74182 /* AppErrorType.swift in Sources */ = {isa = PBXBuildFile; fileRef = 2AED5D6B2BD1CB2300A74182 /* AppErrorType.swift */; };
		2AED5D6E2BD1CC6400A74182 /* UITabBarController+extension.swift in Sources */ = {isa = PBXBuildFile; fileRef = 2AED5D6D2BD1CC6400A74182 /* UITabBarController+extension.swift */; };
		2AED5D702BD1CC8C00A74182 /* UIImages+DesignSystem.swift in Sources */ = {isa = PBXBuildFile; fileRef = 2AED5D6F2BD1CC8C00A74182 /* UIImages+DesignSystem.swift */; };
		2AED5D732BD1CE8E00A74182 /* InternetReachability.swift in Sources */ = {isa = PBXBuildFile; fileRef = 2AED5D722BD1CE8E00A74182 /* InternetReachability.swift */; };
		2AED5D752BD1CEC400A74182 /* LoadingManager.swift in Sources */ = {isa = PBXBuildFile; fileRef = 2AED5D742BD1CEC400A74182 /* LoadingManager.swift */; };
		2AED5D772BD1CF0200A74182 /* Toast.swift in Sources */ = {isa = PBXBuildFile; fileRef = 2AED5D762BD1CF0200A74182 /* Toast.swift */; };
		2AED5D792BD1CFC000A74182 /* Support .swift in Sources */ = {isa = PBXBuildFile; fileRef = 2AED5D782BD1CFC000A74182 /* Support .swift */; };
		2AED5D7E2BD1DB8A00A74182 /* HeaderView.xib in Resources */ = {isa = PBXBuildFile; fileRef = 2AED5D7D2BD1DB8A00A74182 /* HeaderView.xib */; };
		2AED5D7F2BD1DB8B00A74182 /* HeaderView.swift in Sources */ = {isa = PBXBuildFile; fileRef = 2AED5D7C2BD1DB8A00A74182 /* HeaderView.swift */; };
		2AED5D812BD1DDA800A74182 /* UIView+loadNibFile.swift in Sources */ = {isa = PBXBuildFile; fileRef = 2AED5D802BD1DDA800A74182 /* UIView+loadNibFile.swift */; };
		2AED5D832BD1DE0D00A74182 /* UILabel+Style.swift in Sources */ = {isa = PBXBuildFile; fileRef = 2AED5D822BD1DE0D00A74182 /* UILabel+Style.swift */; };
		2AED5D862BD1DF9300A74182 /* Constants.swift in Sources */ = {isa = PBXBuildFile; fileRef = 2AED5D852BD1DF9300A74182 /* Constants.swift */; };
		2AED5D882BD1E3CF00A74182 /* UIView+DesignSystem.swift in Sources */ = {isa = PBXBuildFile; fileRef = 2AED5D872BD1E3CF00A74182 /* UIView+DesignSystem.swift */; };
/* End PBXBuildFile section */

/* Begin PBXContainerItemProxy section */
		2AED5D182BD1A4AB00A74182 /* PBXContainerItemProxy */ = {
			isa = PBXContainerItemProxy;
			containerPortal = 2AED5CF62BD1A4A800A74182 /* Project object */;
			proxyType = 1;
			remoteGlobalIDString = 2AED5CFD2BD1A4A800A74182;
			remoteInfo = PremierLeagueX;
		};
		2AED5D222BD1A4AB00A74182 /* PBXContainerItemProxy */ = {
			isa = PBXContainerItemProxy;
			containerPortal = 2AED5CF62BD1A4A800A74182 /* Project object */;
			proxyType = 1;
			remoteGlobalIDString = 2AED5CFD2BD1A4A800A74182;
			remoteInfo = PremierLeagueX;
		};
/* End PBXContainerItemProxy section */

/* Begin PBXFileReference section */
		2AED5CFE2BD1A4A800A74182 /* PremierLeagueX.app */ = {isa = PBXFileReference; explicitFileType = wrapper.application; includeInIndex = 0; path = PremierLeagueX.app; sourceTree = BUILT_PRODUCTS_DIR; };
		2AED5D012BD1A4A800A74182 /* AppDelegate.swift */ = {isa = PBXFileReference; lastKnownFileType = sourcecode.swift; path = AppDelegate.swift; sourceTree = "<group>"; };
		2AED5D032BD1A4A800A74182 /* SceneDelegate.swift */ = {isa = PBXFileReference; lastKnownFileType = sourcecode.swift; path = SceneDelegate.swift; sourceTree = "<group>"; };
		2AED5D0B2BD1A4A800A74182 /* PremierLeagueX.xcdatamodel */ = {isa = PBXFileReference; lastKnownFileType = wrapper.xcdatamodel; path = PremierLeagueX.xcdatamodel; sourceTree = "<group>"; };
		2AED5D0D2BD1A4AB00A74182 /* Assets.xcassets */ = {isa = PBXFileReference; lastKnownFileType = folder.assetcatalog; path = Assets.xcassets; sourceTree = "<group>"; };
		2AED5D102BD1A4AB00A74182 /* Base */ = {isa = PBXFileReference; lastKnownFileType = file.storyboard; name = Base; path = Base.lproj/LaunchScreen.storyboard; sourceTree = "<group>"; };
		2AED5D122BD1A4AB00A74182 /* Info.plist */ = {isa = PBXFileReference; lastKnownFileType = text.plist.xml; path = Info.plist; sourceTree = "<group>"; };
		2AED5D172BD1A4AB00A74182 /* PremierLeagueXTests.xctest */ = {isa = PBXFileReference; explicitFileType = wrapper.cfbundle; includeInIndex = 0; path = PremierLeagueXTests.xctest; sourceTree = BUILT_PRODUCTS_DIR; };
		2AED5D1B2BD1A4AB00A74182 /* PremierLeagueXTests.swift */ = {isa = PBXFileReference; lastKnownFileType = sourcecode.swift; path = PremierLeagueXTests.swift; sourceTree = "<group>"; };
		2AED5D212BD1A4AB00A74182 /* PremierLeagueXUITests.xctest */ = {isa = PBXFileReference; explicitFileType = wrapper.cfbundle; includeInIndex = 0; path = PremierLeagueXUITests.xctest; sourceTree = BUILT_PRODUCTS_DIR; };
		2AED5D252BD1A4AB00A74182 /* PremierLeagueXUITests.swift */ = {isa = PBXFileReference; lastKnownFileType = sourcecode.swift; path = PremierLeagueXUITests.swift; sourceTree = "<group>"; };
		2AED5D272BD1A4AB00A74182 /* PremierLeagueXUITestsLaunchTests.swift */ = {isa = PBXFileReference; lastKnownFileType = sourcecode.swift; path = PremierLeagueXUITestsLaunchTests.swift; sourceTree = "<group>"; };
		2AED5D3D2BD1BC1500A74182 /* HomeViewController.swift */ = {isa = PBXFileReference; lastKnownFileType = sourcecode.swift; path = HomeViewController.swift; sourceTree = "<group>"; };
		2AED5D3E2BD1BC1500A74182 /* HomeViewController.xib */ = {isa = PBXFileReference; lastKnownFileType = file.xib; path = HomeViewController.xib; sourceTree = "<group>"; };
		2AED5D412BD1BC8F00A74182 /* HomeViewModel.swift */ = {isa = PBXFileReference; lastKnownFileType = sourcecode.swift; path = HomeViewModel.swift; sourceTree = "<group>"; };
		2AED5D432BD1BCB300A74182 /* HomeViewModelType.swift */ = {isa = PBXFileReference; lastKnownFileType = sourcecode.swift; path = HomeViewModelType.swift; sourceTree = "<group>"; };
		2AED5D452BD1BD0C00A74182 /* FavouriteViewController.swift */ = {isa = PBXFileReference; lastKnownFileType = sourcecode.swift; path = FavouriteViewController.swift; sourceTree = "<group>"; };
		2AED5D462BD1BD0C00A74182 /* FavouriteViewController.xib */ = {isa = PBXFileReference; lastKnownFileType = file.xib; path = FavouriteViewController.xib; sourceTree = "<group>"; };
		2AED5D492BD1BD1600A74182 /* FavouriteViewModel.swift */ = {isa = PBXFileReference; lastKnownFileType = sourcecode.swift; path = FavouriteViewModel.swift; sourceTree = "<group>"; };
		2AED5D4B2BD1BD2500A74182 /* FavouriteViewModelType.swift */ = {isa = PBXFileReference; lastKnownFileType = sourcecode.swift; path = FavouriteViewModelType.swift; sourceTree = "<group>"; };
		2AED5D4F2BD1BE7F00A74182 /* MainTabBarController.swift */ = {isa = PBXFileReference; lastKnownFileType = sourcecode.swift; path = MainTabBarController.swift; sourceTree = "<group>"; };
		2AED5D512BD1BFDD00A74182 /* Coordinator.swift */ = {isa = PBXFileReference; lastKnownFileType = sourcecode.swift; path = Coordinator.swift; sourceTree = "<group>"; };
		2AED5D532BD1C01100A74182 /* AppCoordinator.swift */ = {isa = PBXFileReference; lastKnownFileType = sourcecode.swift; path = AppCoordinator.swift; sourceTree = "<group>"; };
		2AED5D552BD1C04900A74182 /* DashboardCoordinator.swift */ = {isa = PBXFileReference; lastKnownFileType = sourcecode.swift; path = DashboardCoordinator.swift; sourceTree = "<group>"; };
		2AED5D5D2BD1C97C00A74182 /* TargetType.swift */ = {isa = PBXFileReference; lastKnownFileType = sourcecode.swift; path = TargetType.swift; sourceTree = "<group>"; };
		2AED5D5F2BD1C99400A74182 /* APIClient.swift */ = {isa = PBXFileReference; lastKnownFileType = sourcecode.swift; path = APIClient.swift; sourceTree = "<group>"; };
		2AED5D612BD1C9A000A74182 /* Resources.swift */ = {isa = PBXFileReference; lastKnownFileType = sourcecode.swift; path = Resources.swift; sourceTree = "<group>"; };
		2AED5D632BD1C9B000A74182 /* Token.swift */ = {isa = PBXFileReference; lastKnownFileType = sourcecode.swift; path = Token.swift; sourceTree = "<group>"; };
		2AED5D652BD1C9EF00A74182 /* ServicesLocator.swift */ = {isa = PBXFileReference; lastKnownFileType = sourcecode.swift; path = ServicesLocator.swift; sourceTree = "<group>"; };
		2AED5D6B2BD1CB2300A74182 /* AppErrorType.swift */ = {isa = PBXFileReference; lastKnownFileType = sourcecode.swift; path = AppErrorType.swift; sourceTree = "<group>"; };
		2AED5D6D2BD1CC6400A74182 /* UITabBarController+extension.swift */ = {isa = PBXFileReference; lastKnownFileType = sourcecode.swift; path = "UITabBarController+extension.swift"; sourceTree = "<group>"; };
		2AED5D6F2BD1CC8C00A74182 /* UIImages+DesignSystem.swift */ = {isa = PBXFileReference; lastKnownFileType = sourcecode.swift; path = "UIImages+DesignSystem.swift"; sourceTree = "<group>"; };
		2AED5D722BD1CE8E00A74182 /* InternetReachability.swift */ = {isa = PBXFileReference; lastKnownFileType = sourcecode.swift; path = InternetReachability.swift; sourceTree = "<group>"; };
		2AED5D742BD1CEC400A74182 /* LoadingManager.swift */ = {isa = PBXFileReference; lastKnownFileType = sourcecode.swift; path = LoadingManager.swift; sourceTree = "<group>"; };
		2AED5D762BD1CF0200A74182 /* Toast.swift */ = {isa = PBXFileReference; lastKnownFileType = sourcecode.swift; path = Toast.swift; sourceTree = "<group>"; };
		2AED5D782BD1CFC000A74182 /* Support .swift */ = {isa = PBXFileReference; lastKnownFileType = sourcecode.swift; path = "Support .swift"; sourceTree = "<group>"; };
		2AED5D7C2BD1DB8A00A74182 /* HeaderView.swift */ = {isa = PBXFileReference; lastKnownFileType = sourcecode.swift; path = HeaderView.swift; sourceTree = "<group>"; };
		2AED5D7D2BD1DB8A00A74182 /* HeaderView.xib */ = {isa = PBXFileReference; lastKnownFileType = file.xib; path = HeaderView.xib; sourceTree = "<group>"; };
		2AED5D802BD1DDA800A74182 /* UIView+loadNibFile.swift */ = {isa = PBXFileReference; lastKnownFileType = sourcecode.swift; path = "UIView+loadNibFile.swift"; sourceTree = "<group>"; };
		2AED5D822BD1DE0D00A74182 /* UILabel+Style.swift */ = {isa = PBXFileReference; lastKnownFileType = sourcecode.swift; path = "UILabel+Style.swift"; sourceTree = "<group>"; };
		2AED5D852BD1DF9300A74182 /* Constants.swift */ = {isa = PBXFileReference; lastKnownFileType = sourcecode.swift; path = Constants.swift; sourceTree = "<group>"; };
		2AED5D872BD1E3CF00A74182 /* UIView+DesignSystem.swift */ = {isa = PBXFileReference; lastKnownFileType = sourcecode.swift; path = "UIView+DesignSystem.swift"; sourceTree = "<group>"; };
/* End PBXFileReference section */

/* Begin PBXFrameworksBuildPhase section */
		2AED5CFB2BD1A4A800A74182 /* Frameworks */ = {
			isa = PBXFrameworksBuildPhase;
			buildActionMask = 2147483647;
			files = (
			);
			runOnlyForDeploymentPostprocessing = 0;
		};
		2AED5D142BD1A4AB00A74182 /* Frameworks */ = {
			isa = PBXFrameworksBuildPhase;
			buildActionMask = 2147483647;
			files = (
			);
			runOnlyForDeploymentPostprocessing = 0;
		};
		2AED5D1E2BD1A4AB00A74182 /* Frameworks */ = {
			isa = PBXFrameworksBuildPhase;
			buildActionMask = 2147483647;
			files = (
			);
			runOnlyForDeploymentPostprocessing = 0;
		};
/* End PBXFrameworksBuildPhase section */

/* Begin PBXGroup section */
		2AED5CF52BD1A4A800A74182 = {
			isa = PBXGroup;
			children = (
				2AED5D002BD1A4A800A74182 /* PremierLeagueX */,
				2AED5D1A2BD1A4AB00A74182 /* PremierLeagueXTests */,
				2AED5D242BD1A4AB00A74182 /* PremierLeagueXUITests */,
				2AED5CFF2BD1A4A800A74182 /* Products */,
			);
			sourceTree = "<group>";
		};
		2AED5CFF2BD1A4A800A74182 /* Products */ = {
			isa = PBXGroup;
			children = (
				2AED5CFE2BD1A4A800A74182 /* PremierLeagueX.app */,
				2AED5D172BD1A4AB00A74182 /* PremierLeagueXTests.xctest */,
				2AED5D212BD1A4AB00A74182 /* PremierLeagueXUITests.xctest */,
			);
			name = Products;
			sourceTree = "<group>";
		};
		2AED5D002BD1A4A800A74182 /* PremierLeagueX */ = {
			isa = PBXGroup;
			children = (
				2AED5D122BD1A4AB00A74182 /* Info.plist */,
				2AED5D342BD1AC0300A74182 /* Delegate */,
				2AED5D352BD1B9DD00A74182 /* Utilites */,
				2AED5D362BD1BA1200A74182 /* Extensions */,
				2AED5D382BD1BAA200A74182 /* Support */,
				2AED5D372BD1BA8700A74182 /* DesignSystem */,
				2AED5D392BD1BAAF00A74182 /* Services */,
				2AED5D4D2BD1BD3600A74182 /* Coordinator */,
				2AED5D3A2BD1BAD900A74182 /* Scenes */,
			);
			path = PremierLeagueX;
			sourceTree = "<group>";
		};
		2AED5D1A2BD1A4AB00A74182 /* PremierLeagueXTests */ = {
			isa = PBXGroup;
			children = (
				2AED5D1B2BD1A4AB00A74182 /* PremierLeagueXTests.swift */,
			);
			path = PremierLeagueXTests;
			sourceTree = "<group>";
		};
		2AED5D242BD1A4AB00A74182 /* PremierLeagueXUITests */ = {
			isa = PBXGroup;
			children = (
				2AED5D252BD1A4AB00A74182 /* PremierLeagueXUITests.swift */,
				2AED5D272BD1A4AB00A74182 /* PremierLeagueXUITestsLaunchTests.swift */,
			);
			path = PremierLeagueXUITests;
			sourceTree = "<group>";
		};
		2AED5D342BD1AC0300A74182 /* Delegate */ = {
			isa = PBXGroup;
			children = (
				2AED5D012BD1A4A800A74182 /* AppDelegate.swift */,
				2AED5D032BD1A4A800A74182 /* SceneDelegate.swift */,
			);
			path = Delegate;
			sourceTree = "<group>";
		};
		2AED5D352BD1B9DD00A74182 /* Utilites */ = {
			isa = PBXGroup;
			children = (
				2AED5D842BD1DF8900A74182 /* Constants */,
				2AED5D0F2BD1A4AB00A74182 /* LaunchScreen.storyboard */,
				2AED5D0D2BD1A4AB00A74182 /* Assets.xcassets */,
			);
			path = Utilites;
			sourceTree = "<group>";
		};
		2AED5D362BD1BA1200A74182 /* Extensions */ = {
			isa = PBXGroup;
			children = (
				2AED5D6D2BD1CC6400A74182 /* UITabBarController+extension.swift */,
				2AED5D802BD1DDA800A74182 /* UIView+loadNibFile.swift */,
				2AED5D822BD1DE0D00A74182 /* UILabel+Style.swift */,
			);
			path = Extensions;
			sourceTree = "<group>";
		};
		2AED5D372BD1BA8700A74182 /* DesignSystem */ = {
			isa = PBXGroup;
			children = (
				2AED5D6F2BD1CC8C00A74182 /* UIImages+DesignSystem.swift */,
				2AED5D872BD1E3CF00A74182 /* UIView+DesignSystem.swift */,
			);
			path = DesignSystem;
			sourceTree = "<group>";
		};
		2AED5D382BD1BAA200A74182 /* Support */ = {
			isa = PBXGroup;
			children = (
				2AED5D722BD1CE8E00A74182 /* InternetReachability.swift */,
				2AED5D742BD1CEC400A74182 /* LoadingManager.swift */,
				2AED5D762BD1CF0200A74182 /* Toast.swift */,
				2AED5D782BD1CFC000A74182 /* Support .swift */,
			);
			path = Support;
			sourceTree = "<group>";
		};
		2AED5D392BD1BAAF00A74182 /* Services */ = {
			isa = PBXGroup;
			children = (
				2AED5D682BD1CA1700A74182 /* LocalStorage */,
				2AED5D672BD1C9FA00A74182 /* ServicesLocator */,
				2AED5D582BD1C92200A74182 /* Networking */,
			);
			path = Services;
			sourceTree = "<group>";
		};
		2AED5D3A2BD1BAD900A74182 /* Scenes */ = {
			isa = PBXGroup;
			children = (
				2AED5D4E2BD1BE6600A74182 /* MainTabBar */,
				2AED5D3C2BD1BB0500A74182 /* Favourite */,
				2AED5D3B2BD1BAE400A74182 /* Home */,
			);
			path = Scenes;
			sourceTree = "<group>";
		};
		2AED5D3B2BD1BAE400A74182 /* Home */ = {
			isa = PBXGroup;
			children = (
				2AED5D892BD1E52600A74182 /* MatchesCell */,
				2AED5D7B2BD1DA7700A74182 /* View */,
				2AED5D3E2BD1BC1500A74182 /* HomeViewController.xib */,
				2AED5D3D2BD1BC1500A74182 /* HomeViewController.swift */,
				2AED5D412BD1BC8F00A74182 /* HomeViewModel.swift */,
				2AED5D432BD1BCB300A74182 /* HomeViewModelType.swift */,
			);
			path = Home;
			sourceTree = "<group>";
		};
		2AED5D3C2BD1BB0500A74182 /* Favourite */ = {
			isa = PBXGroup;
			children = (
				2AED5D462BD1BD0C00A74182 /* FavouriteViewController.xib */,
				2AED5D452BD1BD0C00A74182 /* FavouriteViewController.swift */,
				2AED5D492BD1BD1600A74182 /* FavouriteViewModel.swift */,
				2AED5D4B2BD1BD2500A74182 /* FavouriteViewModelType.swift */,
			);
			path = Favourite;
			sourceTree = "<group>";
		};
		2AED5D4D2BD1BD3600A74182 /* Coordinator */ = {
			isa = PBXGroup;
			children = (
				2AED5D512BD1BFDD00A74182 /* Coordinator.swift */,
				2AED5D532BD1C01100A74182 /* AppCoordinator.swift */,
				2AED5D552BD1C04900A74182 /* DashboardCoordinator.swift */,
			);
			path = Coordinator;
			sourceTree = "<group>";
		};
		2AED5D4E2BD1BE6600A74182 /* MainTabBar */ = {
			isa = PBXGroup;
			children = (
				2AED5D4F2BD1BE7F00A74182 /* MainTabBarController.swift */,
			);
			path = MainTabBar;
			sourceTree = "<group>";
		};
		2AED5D582BD1C92200A74182 /* Networking */ = {
			isa = PBXGroup;
			children = (
				2AED5D5A2BD1C93F00A74182 /* Base */,
				2AED5D592BD1C92F00A74182 /* Requests */,
			);
			path = Networking;
			sourceTree = "<group>";
		};
		2AED5D592BD1C92F00A74182 /* Requests */ = {
			isa = PBXGroup;
			children = (
				2AED5D5B2BD1C94E00A74182 /* Models */,
				2AED5D5C2BD1C95800A74182 /* Worker */,
			);
			path = Requests;
			sourceTree = "<group>";
		};
		2AED5D5A2BD1C93F00A74182 /* Base */ = {
			isa = PBXGroup;
			children = (
				2AED5D5D2BD1C97C00A74182 /* TargetType.swift */,
				2AED5D5F2BD1C99400A74182 /* APIClient.swift */,
				2AED5D612BD1C9A000A74182 /* Resources.swift */,
				2AED5D632BD1C9B000A74182 /* Token.swift */,
			);
			path = Base;
			sourceTree = "<group>";
		};
		2AED5D5B2BD1C94E00A74182 /* Models */ = {
			isa = PBXGroup;
			children = (
				2AED5D6A2BD1CB1300A74182 /* Common */,
			);
			path = Models;
			sourceTree = "<group>";
		};
		2AED5D5C2BD1C95800A74182 /* Worker */ = {
			isa = PBXGroup;
			children = (
			);
			path = Worker;
			sourceTree = "<group>";
		};
		2AED5D672BD1C9FA00A74182 /* ServicesLocator */ = {
			isa = PBXGroup;
			children = (
				2AED5D652BD1C9EF00A74182 /* ServicesLocator.swift */,
			);
			path = ServicesLocator;
			sourceTree = "<group>";
		};
		2AED5D682BD1CA1700A74182 /* LocalStorage */ = {
			isa = PBXGroup;
			children = (
				2AED5D0A2BD1A4A800A74182 /* PremierLeagueX.xcdatamodeld */,
				2AED5D692BD1CA4B00A74182 /* CoreData */,
			);
			path = LocalStorage;
			sourceTree = "<group>";
		};
		2AED5D692BD1CA4B00A74182 /* CoreData */ = {
			isa = PBXGroup;
			children = (
			);
			path = CoreData;
			sourceTree = "<group>";
		};
		2AED5D6A2BD1CB1300A74182 /* Common */ = {
			isa = PBXGroup;
			children = (
				2AED5D6B2BD1CB2300A74182 /* AppErrorType.swift */,
			);
			path = Common;
			sourceTree = "<group>";
		};
		2AED5D7B2BD1DA7700A74182 /* View */ = {
			isa = PBXGroup;
			children = (
				2AED5D7C2BD1DB8A00A74182 /* HeaderView.swift */,
				2AED5D7D2BD1DB8A00A74182 /* HeaderView.xib */,
			);
			path = View;
			sourceTree = "<group>";
		};
		2AED5D842BD1DF8900A74182 /* Constants */ = {
			isa = PBXGroup;
			children = (
				2AED5D852BD1DF9300A74182 /* Constants.swift */,
			);
			path = Constants;
			sourceTree = "<group>";
		};
		2AED5D892BD1E52600A74182 /* MatchesCell */ = {
			isa = PBXGroup;
			children = (
			);
			path = MatchesCell;
			sourceTree = "<group>";
		};
/* End PBXGroup section */

/* Begin PBXNativeTarget section */
		2AED5CFD2BD1A4A800A74182 /* PremierLeagueX */ = {
			isa = PBXNativeTarget;
			buildConfigurationList = 2AED5D2B2BD1A4AB00A74182 /* Build configuration list for PBXNativeTarget "PremierLeagueX" */;
			buildPhases = (
				2AED5CFA2BD1A4A800A74182 /* Sources */,
				2AED5CFB2BD1A4A800A74182 /* Frameworks */,
				2AED5CFC2BD1A4A800A74182 /* Resources */,
			);
			buildRules = (
			);
			dependencies = (
			);
			name = PremierLeagueX;
			productName = PremierLeagueX;
			productReference = 2AED5CFE2BD1A4A800A74182 /* PremierLeagueX.app */;
			productType = "com.apple.product-type.application";
		};
		2AED5D162BD1A4AB00A74182 /* PremierLeagueXTests */ = {
			isa = PBXNativeTarget;
			buildConfigurationList = 2AED5D2E2BD1A4AB00A74182 /* Build configuration list for PBXNativeTarget "PremierLeagueXTests" */;
			buildPhases = (
				2AED5D132BD1A4AB00A74182 /* Sources */,
				2AED5D142BD1A4AB00A74182 /* Frameworks */,
				2AED5D152BD1A4AB00A74182 /* Resources */,
			);
			buildRules = (
			);
			dependencies = (
				2AED5D192BD1A4AB00A74182 /* PBXTargetDependency */,
			);
			name = PremierLeagueXTests;
			productName = PremierLeagueXTests;
			productReference = 2AED5D172BD1A4AB00A74182 /* PremierLeagueXTests.xctest */;
			productType = "com.apple.product-type.bundle.unit-test";
		};
		2AED5D202BD1A4AB00A74182 /* PremierLeagueXUITests */ = {
			isa = PBXNativeTarget;
			buildConfigurationList = 2AED5D312BD1A4AB00A74182 /* Build configuration list for PBXNativeTarget "PremierLeagueXUITests" */;
			buildPhases = (
				2AED5D1D2BD1A4AB00A74182 /* Sources */,
				2AED5D1E2BD1A4AB00A74182 /* Frameworks */,
				2AED5D1F2BD1A4AB00A74182 /* Resources */,
			);
			buildRules = (
			);
			dependencies = (
				2AED5D232BD1A4AB00A74182 /* PBXTargetDependency */,
			);
			name = PremierLeagueXUITests;
			productName = PremierLeagueXUITests;
			productReference = 2AED5D212BD1A4AB00A74182 /* PremierLeagueXUITests.xctest */;
			productType = "com.apple.product-type.bundle.ui-testing";
		};
/* End PBXNativeTarget section */

/* Begin PBXProject section */
		2AED5CF62BD1A4A800A74182 /* Project object */ = {
			isa = PBXProject;
			attributes = {
				BuildIndependentTargetsInParallel = 1;
				LastSwiftUpdateCheck = 1530;
				LastUpgradeCheck = 1530;
				TargetAttributes = {
					2AED5CFD2BD1A4A800A74182 = {
						CreatedOnToolsVersion = 15.3;
					};
					2AED5D162BD1A4AB00A74182 = {
						CreatedOnToolsVersion = 15.3;
						TestTargetID = 2AED5CFD2BD1A4A800A74182;
					};
					2AED5D202BD1A4AB00A74182 = {
						CreatedOnToolsVersion = 15.3;
						TestTargetID = 2AED5CFD2BD1A4A800A74182;
					};
				};
			};
			buildConfigurationList = 2AED5CF92BD1A4A800A74182 /* Build configuration list for PBXProject "PremierLeagueX" */;
			compatibilityVersion = "Xcode 14.0";
			developmentRegion = en;
			hasScannedForEncodings = 0;
			knownRegions = (
				en,
				Base,
			);
			mainGroup = 2AED5CF52BD1A4A800A74182;
			packageReferences = (
				2AED5D572BD1C2E400A74182 /* XCRemoteSwiftPackageReference "Alamofire" */,
				2AED5D712BD1CE8000A74182 /* XCRemoteSwiftPackageReference "RxSwift" */,
			);
			productRefGroup = 2AED5CFF2BD1A4A800A74182 /* Products */;
			projectDirPath = "";
			projectRoot = "";
			targets = (
				2AED5CFD2BD1A4A800A74182 /* PremierLeagueX */,
				2AED5D162BD1A4AB00A74182 /* PremierLeagueXTests */,
				2AED5D202BD1A4AB00A74182 /* PremierLeagueXUITests */,
			);
		};
/* End PBXProject section */

/* Begin PBXResourcesBuildPhase section */
		2AED5CFC2BD1A4A800A74182 /* Resources */ = {
			isa = PBXResourcesBuildPhase;
			buildActionMask = 2147483647;
			files = (
				2AED5D472BD1BD0C00A74182 /* FavouriteViewController.xib in Resources */,
				2AED5D7E2BD1DB8A00A74182 /* HeaderView.xib in Resources */,
				2AED5D0E2BD1A4AB00A74182 /* Assets.xcassets in Resources */,
				2AED5D112BD1A4AB00A74182 /* Base in Resources */,
				2AED5D3F2BD1BC1500A74182 /* HomeViewController.xib in Resources */,
			);
			runOnlyForDeploymentPostprocessing = 0;
		};
		2AED5D152BD1A4AB00A74182 /* Resources */ = {
			isa = PBXResourcesBuildPhase;
			buildActionMask = 2147483647;
			files = (
			);
			runOnlyForDeploymentPostprocessing = 0;
		};
		2AED5D1F2BD1A4AB00A74182 /* Resources */ = {
			isa = PBXResourcesBuildPhase;
			buildActionMask = 2147483647;
			files = (
			);
			runOnlyForDeploymentPostprocessing = 0;
		};
/* End PBXResourcesBuildPhase section */

/* Begin PBXSourcesBuildPhase section */
		2AED5CFA2BD1A4A800A74182 /* Sources */ = {
			isa = PBXSourcesBuildPhase;
			buildActionMask = 2147483647;
			files = (
				2AED5D662BD1C9EF00A74182 /* ServicesLocator.swift in Sources */,
				2AED5D772BD1CF0200A74182 /* Toast.swift in Sources */,
				2AED5D562BD1C04900A74182 /* DashboardCoordinator.swift in Sources */,
				2AED5D702BD1CC8C00A74182 /* UIImages+DesignSystem.swift in Sources */,
				2AED5D732BD1CE8E00A74182 /* InternetReachability.swift in Sources */,
				2AED5D862BD1DF9300A74182 /* Constants.swift in Sources */,
				2AED5D542BD1C01100A74182 /* AppCoordinator.swift in Sources */,
				2AED5D022BD1A4A800A74182 /* AppDelegate.swift in Sources */,
				2AED5D0C2BD1A4A900A74182 /* PremierLeagueX.xcdatamodeld in Sources */,
				2AED5D832BD1DE0D00A74182 /* UILabel+Style.swift in Sources */,
				2AED5D6C2BD1CB2300A74182 /* AppErrorType.swift in Sources */,
				2AED5D502BD1BE7F00A74182 /* MainTabBarController.swift in Sources */,
				2AED5D622BD1C9A000A74182 /* Resources.swift in Sources */,
				2AED5D042BD1A4A800A74182 /* SceneDelegate.swift in Sources */,
				2AED5D5E2BD1C97C00A74182 /* TargetType.swift in Sources */,
				2AED5D442BD1BCB300A74182 /* HomeViewModelType.swift in Sources */,
				2AED5D6E2BD1CC6400A74182 /* UITabBarController+extension.swift in Sources */,
				2AED5D602BD1C99400A74182 /* APIClient.swift in Sources */,
				2AED5D4A2BD1BD1600A74182 /* FavouriteViewModel.swift in Sources */,
				2AED5D522BD1BFDD00A74182 /* Coordinator.swift in Sources */,
				2AED5D482BD1BD0C00A74182 /* FavouriteViewController.swift in Sources */,
				2AED5D792BD1CFC000A74182 /* Support .swift in Sources */,
				2AED5D812BD1DDA800A74182 /* UIView+loadNibFile.swift in Sources */,
				2AED5D4C2BD1BD2500A74182 /* FavouriteViewModelType.swift in Sources */,
				2AED5D752BD1CEC400A74182 /* LoadingManager.swift in Sources */,
				2AED5D422BD1BC8F00A74182 /* HomeViewModel.swift in Sources */,
				2AED5D642BD1C9B000A74182 /* Token.swift in Sources */,
				2AED5D402BD1BC1500A74182 /* HomeViewController.swift in Sources */,
				2AED5D7F2BD1DB8B00A74182 /* HeaderView.swift in Sources */,
				2AED5D882BD1E3CF00A74182 /* UIView+DesignSystem.swift in Sources */,
			);
			runOnlyForDeploymentPostprocessing = 0;
		};
		2AED5D132BD1A4AB00A74182 /* Sources */ = {
			isa = PBXSourcesBuildPhase;
			buildActionMask = 2147483647;
			files = (
				2AED5D1C2BD1A4AB00A74182 /* PremierLeagueXTests.swift in Sources */,
			);
			runOnlyForDeploymentPostprocessing = 0;
		};
		2AED5D1D2BD1A4AB00A74182 /* Sources */ = {
			isa = PBXSourcesBuildPhase;
			buildActionMask = 2147483647;
			files = (
				2AED5D262BD1A4AB00A74182 /* PremierLeagueXUITests.swift in Sources */,
				2AED5D282BD1A4AB00A74182 /* PremierLeagueXUITestsLaunchTests.swift in Sources */,
			);
			runOnlyForDeploymentPostprocessing = 0;
		};
/* End PBXSourcesBuildPhase section */

/* Begin PBXTargetDependency section */
		2AED5D192BD1A4AB00A74182 /* PBXTargetDependency */ = {
			isa = PBXTargetDependency;
			target = 2AED5CFD2BD1A4A800A74182 /* PremierLeagueX */;
			targetProxy = 2AED5D182BD1A4AB00A74182 /* PBXContainerItemProxy */;
		};
		2AED5D232BD1A4AB00A74182 /* PBXTargetDependency */ = {
			isa = PBXTargetDependency;
			target = 2AED5CFD2BD1A4A800A74182 /* PremierLeagueX */;
			targetProxy = 2AED5D222BD1A4AB00A74182 /* PBXContainerItemProxy */;
		};
/* End PBXTargetDependency section */

/* Begin PBXVariantGroup section */
		2AED5D0F2BD1A4AB00A74182 /* LaunchScreen.storyboard */ = {
			isa = PBXVariantGroup;
			children = (
				2AED5D102BD1A4AB00A74182 /* Base */,
			);
			name = LaunchScreen.storyboard;
			sourceTree = "<group>";
		};
/* End PBXVariantGroup section */

/* Begin XCBuildConfiguration section */
		2AED5D292BD1A4AB00A74182 /* Debug */ = {
			isa = XCBuildConfiguration;
			buildSettings = {
				ALWAYS_SEARCH_USER_PATHS = NO;
				ASSETCATALOG_COMPILER_GENERATE_SWIFT_ASSET_SYMBOL_EXTENSIONS = YES;
				CLANG_ANALYZER_NONNULL = YES;
				CLANG_ANALYZER_NUMBER_OBJECT_CONVERSION = YES_AGGRESSIVE;
				CLANG_CXX_LANGUAGE_STANDARD = "gnu++20";
				CLANG_ENABLE_MODULES = YES;
				CLANG_ENABLE_OBJC_ARC = YES;
				CLANG_ENABLE_OBJC_WEAK = YES;
				CLANG_WARN_BLOCK_CAPTURE_AUTORELEASING = YES;
				CLANG_WARN_BOOL_CONVERSION = YES;
				CLANG_WARN_COMMA = YES;
				CLANG_WARN_CONSTANT_CONVERSION = YES;
				CLANG_WARN_DEPRECATED_OBJC_IMPLEMENTATIONS = YES;
				CLANG_WARN_DIRECT_OBJC_ISA_USAGE = YES_ERROR;
				CLANG_WARN_DOCUMENTATION_COMMENTS = YES;
				CLANG_WARN_EMPTY_BODY = YES;
				CLANG_WARN_ENUM_CONVERSION = YES;
				CLANG_WARN_INFINITE_RECURSION = YES;
				CLANG_WARN_INT_CONVERSION = YES;
				CLANG_WARN_NON_LITERAL_NULL_CONVERSION = YES;
				CLANG_WARN_OBJC_IMPLICIT_RETAIN_SELF = YES;
				CLANG_WARN_OBJC_LITERAL_CONVERSION = YES;
				CLANG_WARN_OBJC_ROOT_CLASS = YES_ERROR;
				CLANG_WARN_QUOTED_INCLUDE_IN_FRAMEWORK_HEADER = YES;
				CLANG_WARN_RANGE_LOOP_ANALYSIS = YES;
				CLANG_WARN_STRICT_PROTOTYPES = YES;
				CLANG_WARN_SUSPICIOUS_MOVE = YES;
				CLANG_WARN_UNGUARDED_AVAILABILITY = YES_AGGRESSIVE;
				CLANG_WARN_UNREACHABLE_CODE = YES;
				CLANG_WARN__DUPLICATE_METHOD_MATCH = YES;
				COPY_PHASE_STRIP = NO;
				DEBUG_INFORMATION_FORMAT = dwarf;
				ENABLE_STRICT_OBJC_MSGSEND = YES;
				ENABLE_TESTABILITY = YES;
				ENABLE_USER_SCRIPT_SANDBOXING = YES;
				GCC_C_LANGUAGE_STANDARD = gnu17;
				GCC_DYNAMIC_NO_PIC = NO;
				GCC_NO_COMMON_BLOCKS = YES;
				GCC_OPTIMIZATION_LEVEL = 0;
				GCC_PREPROCESSOR_DEFINITIONS = (
					"DEBUG=1",
					"$(inherited)",
				);
				GCC_WARN_64_TO_32_BIT_CONVERSION = YES;
				GCC_WARN_ABOUT_RETURN_TYPE = YES_ERROR;
				GCC_WARN_UNDECLARED_SELECTOR = YES;
				GCC_WARN_UNINITIALIZED_AUTOS = YES_AGGRESSIVE;
				GCC_WARN_UNUSED_FUNCTION = YES;
				GCC_WARN_UNUSED_VARIABLE = YES;
				IPHONEOS_DEPLOYMENT_TARGET = 17.4;
				LOCALIZATION_PREFERS_STRING_CATALOGS = YES;
				MTL_ENABLE_DEBUG_INFO = INCLUDE_SOURCE;
				MTL_FAST_MATH = YES;
				ONLY_ACTIVE_ARCH = YES;
				SDKROOT = iphoneos;
				SWIFT_ACTIVE_COMPILATION_CONDITIONS = "DEBUG $(inherited)";
				SWIFT_OPTIMIZATION_LEVEL = "-Onone";
			};
			name = Debug;
		};
		2AED5D2A2BD1A4AB00A74182 /* Release */ = {
			isa = XCBuildConfiguration;
			buildSettings = {
				ALWAYS_SEARCH_USER_PATHS = NO;
				ASSETCATALOG_COMPILER_GENERATE_SWIFT_ASSET_SYMBOL_EXTENSIONS = YES;
				CLANG_ANALYZER_NONNULL = YES;
				CLANG_ANALYZER_NUMBER_OBJECT_CONVERSION = YES_AGGRESSIVE;
				CLANG_CXX_LANGUAGE_STANDARD = "gnu++20";
				CLANG_ENABLE_MODULES = YES;
				CLANG_ENABLE_OBJC_ARC = YES;
				CLANG_ENABLE_OBJC_WEAK = YES;
				CLANG_WARN_BLOCK_CAPTURE_AUTORELEASING = YES;
				CLANG_WARN_BOOL_CONVERSION = YES;
				CLANG_WARN_COMMA = YES;
				CLANG_WARN_CONSTANT_CONVERSION = YES;
				CLANG_WARN_DEPRECATED_OBJC_IMPLEMENTATIONS = YES;
				CLANG_WARN_DIRECT_OBJC_ISA_USAGE = YES_ERROR;
				CLANG_WARN_DOCUMENTATION_COMMENTS = YES;
				CLANG_WARN_EMPTY_BODY = YES;
				CLANG_WARN_ENUM_CONVERSION = YES;
				CLANG_WARN_INFINITE_RECURSION = YES;
				CLANG_WARN_INT_CONVERSION = YES;
				CLANG_WARN_NON_LITERAL_NULL_CONVERSION = YES;
				CLANG_WARN_OBJC_IMPLICIT_RETAIN_SELF = YES;
				CLANG_WARN_OBJC_LITERAL_CONVERSION = YES;
				CLANG_WARN_OBJC_ROOT_CLASS = YES_ERROR;
				CLANG_WARN_QUOTED_INCLUDE_IN_FRAMEWORK_HEADER = YES;
				CLANG_WARN_RANGE_LOOP_ANALYSIS = YES;
				CLANG_WARN_STRICT_PROTOTYPES = YES;
				CLANG_WARN_SUSPICIOUS_MOVE = YES;
				CLANG_WARN_UNGUARDED_AVAILABILITY = YES_AGGRESSIVE;
				CLANG_WARN_UNREACHABLE_CODE = YES;
				CLANG_WARN__DUPLICATE_METHOD_MATCH = YES;
				COPY_PHASE_STRIP = NO;
				DEBUG_INFORMATION_FORMAT = "dwarf-with-dsym";
				ENABLE_NS_ASSERTIONS = NO;
				ENABLE_STRICT_OBJC_MSGSEND = YES;
				ENABLE_USER_SCRIPT_SANDBOXING = YES;
				GCC_C_LANGUAGE_STANDARD = gnu17;
				GCC_NO_COMMON_BLOCKS = YES;
				GCC_WARN_64_TO_32_BIT_CONVERSION = YES;
				GCC_WARN_ABOUT_RETURN_TYPE = YES_ERROR;
				GCC_WARN_UNDECLARED_SELECTOR = YES;
				GCC_WARN_UNINITIALIZED_AUTOS = YES_AGGRESSIVE;
				GCC_WARN_UNUSED_FUNCTION = YES;
				GCC_WARN_UNUSED_VARIABLE = YES;
				IPHONEOS_DEPLOYMENT_TARGET = 17.4;
				LOCALIZATION_PREFERS_STRING_CATALOGS = YES;
				MTL_ENABLE_DEBUG_INFO = NO;
				MTL_FAST_MATH = YES;
				SDKROOT = iphoneos;
				SWIFT_COMPILATION_MODE = wholemodule;
				VALIDATE_PRODUCT = YES;
			};
			name = Release;
		};
		2AED5D2C2BD1A4AB00A74182 /* Debug */ = {
			isa = XCBuildConfiguration;
			buildSettings = {
				ASSETCATALOG_COMPILER_APPICON_NAME = AppIcon;
				ASSETCATALOG_COMPILER_GLOBAL_ACCENT_COLOR_NAME = AccentColor;
				CODE_SIGN_STYLE = Automatic;
				CURRENT_PROJECT_VERSION = 1;
				DEVELOPMENT_TEAM = X8BLTDM2ZG;
				GENERATE_INFOPLIST_FILE = YES;
				INFOPLIST_FILE = PremierLeagueX/Info.plist;
				INFOPLIST_KEY_UIApplicationSupportsIndirectInputEvents = YES;
				INFOPLIST_KEY_UILaunchStoryboardName = LaunchScreen;
				INFOPLIST_KEY_UISupportedInterfaceOrientations_iPad = "UIInterfaceOrientationPortrait UIInterfaceOrientationPortraitUpsideDown UIInterfaceOrientationLandscapeLeft UIInterfaceOrientationLandscapeRight";
				INFOPLIST_KEY_UISupportedInterfaceOrientations_iPhone = "UIInterfaceOrientationPortrait UIInterfaceOrientationLandscapeLeft UIInterfaceOrientationLandscapeRight";
				LD_RUNPATH_SEARCH_PATHS = (
					"$(inherited)",
					"@executable_path/Frameworks",
				);
				MARKETING_VERSION = 1.0;
				PRODUCT_BUNDLE_IDENTIFIER = com.PremierLeagueX.PremierLeagueX;
				PRODUCT_NAME = "$(TARGET_NAME)";
				SWIFT_EMIT_LOC_STRINGS = YES;
				SWIFT_VERSION = 5.0;
				TARGETED_DEVICE_FAMILY = "1,2";
			};
			name = Debug;
		};
		2AED5D2D2BD1A4AB00A74182 /* Release */ = {
			isa = XCBuildConfiguration;
			buildSettings = {
				ASSETCATALOG_COMPILER_APPICON_NAME = AppIcon;
				ASSETCATALOG_COMPILER_GLOBAL_ACCENT_COLOR_NAME = AccentColor;
				CODE_SIGN_STYLE = Automatic;
				CURRENT_PROJECT_VERSION = 1;
				DEVELOPMENT_TEAM = X8BLTDM2ZG;
				GENERATE_INFOPLIST_FILE = YES;
				INFOPLIST_FILE = PremierLeagueX/Info.plist;
				INFOPLIST_KEY_UIApplicationSupportsIndirectInputEvents = YES;
				INFOPLIST_KEY_UILaunchStoryboardName = LaunchScreen;
				INFOPLIST_KEY_UISupportedInterfaceOrientations_iPad = "UIInterfaceOrientationPortrait UIInterfaceOrientationPortraitUpsideDown UIInterfaceOrientationLandscapeLeft UIInterfaceOrientationLandscapeRight";
				INFOPLIST_KEY_UISupportedInterfaceOrientations_iPhone = "UIInterfaceOrientationPortrait UIInterfaceOrientationLandscapeLeft UIInterfaceOrientationLandscapeRight";
				LD_RUNPATH_SEARCH_PATHS = (
					"$(inherited)",
					"@executable_path/Frameworks",
				);
				MARKETING_VERSION = 1.0;
				PRODUCT_BUNDLE_IDENTIFIER = com.PremierLeagueX.PremierLeagueX;
				PRODUCT_NAME = "$(TARGET_NAME)";
				SWIFT_EMIT_LOC_STRINGS = YES;
				SWIFT_VERSION = 5.0;
				TARGETED_DEVICE_FAMILY = "1,2";
			};
			name = Release;
		};
		2AED5D2F2BD1A4AB00A74182 /* Debug */ = {
			isa = XCBuildConfiguration;
			buildSettings = {
				ALWAYS_EMBED_SWIFT_STANDARD_LIBRARIES = YES;
				BUNDLE_LOADER = "$(TEST_HOST)";
				CODE_SIGN_STYLE = Automatic;
				CURRENT_PROJECT_VERSION = 1;
				DEVELOPMENT_TEAM = X8BLTDM2ZG;
				GENERATE_INFOPLIST_FILE = YES;
				IPHONEOS_DEPLOYMENT_TARGET = 17.4;
				MARKETING_VERSION = 1.0;
				PRODUCT_BUNDLE_IDENTIFIER = com.PremierLeagueX.PremierLeagueXTests;
				PRODUCT_NAME = "$(TARGET_NAME)";
				SWIFT_EMIT_LOC_STRINGS = NO;
				SWIFT_VERSION = 5.0;
				TARGETED_DEVICE_FAMILY = "1,2";
				TEST_HOST = "$(BUILT_PRODUCTS_DIR)/PremierLeagueX.app/$(BUNDLE_EXECUTABLE_FOLDER_PATH)/PremierLeagueX";
			};
			name = Debug;
		};
		2AED5D302BD1A4AB00A74182 /* Release */ = {
			isa = XCBuildConfiguration;
			buildSettings = {
				ALWAYS_EMBED_SWIFT_STANDARD_LIBRARIES = YES;
				BUNDLE_LOADER = "$(TEST_HOST)";
				CODE_SIGN_STYLE = Automatic;
				CURRENT_PROJECT_VERSION = 1;
				DEVELOPMENT_TEAM = X8BLTDM2ZG;
				GENERATE_INFOPLIST_FILE = YES;
				IPHONEOS_DEPLOYMENT_TARGET = 17.4;
				MARKETING_VERSION = 1.0;
				PRODUCT_BUNDLE_IDENTIFIER = com.PremierLeagueX.PremierLeagueXTests;
				PRODUCT_NAME = "$(TARGET_NAME)";
				SWIFT_EMIT_LOC_STRINGS = NO;
				SWIFT_VERSION = 5.0;
				TARGETED_DEVICE_FAMILY = "1,2";
				TEST_HOST = "$(BUILT_PRODUCTS_DIR)/PremierLeagueX.app/$(BUNDLE_EXECUTABLE_FOLDER_PATH)/PremierLeagueX";
			};
			name = Release;
		};
		2AED5D322BD1A4AB00A74182 /* Debug */ = {
			isa = XCBuildConfiguration;
			buildSettings = {
				ALWAYS_EMBED_SWIFT_STANDARD_LIBRARIES = YES;
				CODE_SIGN_STYLE = Automatic;
				CURRENT_PROJECT_VERSION = 1;
				DEVELOPMENT_TEAM = X8BLTDM2ZG;
				GENERATE_INFOPLIST_FILE = YES;
				MARKETING_VERSION = 1.0;
				PRODUCT_BUNDLE_IDENTIFIER = com.PremierLeagueX.PremierLeagueXUITests;
				PRODUCT_NAME = "$(TARGET_NAME)";
				SWIFT_EMIT_LOC_STRINGS = NO;
				SWIFT_VERSION = 5.0;
				TARGETED_DEVICE_FAMILY = "1,2";
				TEST_TARGET_NAME = PremierLeagueX;
			};
			name = Debug;
		};
		2AED5D332BD1A4AB00A74182 /* Release */ = {
			isa = XCBuildConfiguration;
			buildSettings = {
				ALWAYS_EMBED_SWIFT_STANDARD_LIBRARIES = YES;
				CODE_SIGN_STYLE = Automatic;
				CURRENT_PROJECT_VERSION = 1;
				DEVELOPMENT_TEAM = X8BLTDM2ZG;
				GENERATE_INFOPLIST_FILE = YES;
				MARKETING_VERSION = 1.0;
				PRODUCT_BUNDLE_IDENTIFIER = com.PremierLeagueX.PremierLeagueXUITests;
				PRODUCT_NAME = "$(TARGET_NAME)";
				SWIFT_EMIT_LOC_STRINGS = NO;
				SWIFT_VERSION = 5.0;
				TARGETED_DEVICE_FAMILY = "1,2";
				TEST_TARGET_NAME = PremierLeagueX;
			};
			name = Release;
		};
/* End XCBuildConfiguration section */

/* Begin XCConfigurationList section */
		2AED5CF92BD1A4A800A74182 /* Build configuration list for PBXProject "PremierLeagueX" */ = {
			isa = XCConfigurationList;
			buildConfigurations = (
				2AED5D292BD1A4AB00A74182 /* Debug */,
				2AED5D2A2BD1A4AB00A74182 /* Release */,
			);
			defaultConfigurationIsVisible = 0;
			defaultConfigurationName = Release;
		};
		2AED5D2B2BD1A4AB00A74182 /* Build configuration list for PBXNativeTarget "PremierLeagueX" */ = {
			isa = XCConfigurationList;
			buildConfigurations = (
				2AED5D2C2BD1A4AB00A74182 /* Debug */,
				2AED5D2D2BD1A4AB00A74182 /* Release */,
			);
			defaultConfigurationIsVisible = 0;
			defaultConfigurationName = Release;
		};
		2AED5D2E2BD1A4AB00A74182 /* Build configuration list for PBXNativeTarget "PremierLeagueXTests" */ = {
			isa = XCConfigurationList;
			buildConfigurations = (
				2AED5D2F2BD1A4AB00A74182 /* Debug */,
				2AED5D302BD1A4AB00A74182 /* Release */,
			);
			defaultConfigurationIsVisible = 0;
			defaultConfigurationName = Release;
		};
		2AED5D312BD1A4AB00A74182 /* Build configuration list for PBXNativeTarget "PremierLeagueXUITests" */ = {
			isa = XCConfigurationList;
			buildConfigurations = (
				2AED5D322BD1A4AB00A74182 /* Debug */,
				2AED5D332BD1A4AB00A74182 /* Release */,
			);
			defaultConfigurationIsVisible = 0;
			defaultConfigurationName = Release;
		};
/* End XCConfigurationList section */

/* Begin XCRemoteSwiftPackageReference section */
		2AED5D572BD1C2E400A74182 /* XCRemoteSwiftPackageReference "Alamofire" */ = {
			isa = XCRemoteSwiftPackageReference;
			repositoryURL = "https://github.com/Alamofire/Alamofire";
			requirement = {
				kind = upToNextMajorVersion;
				minimumVersion = 5.9.1;
			};
		};
		2AED5D712BD1CE8000A74182 /* XCRemoteSwiftPackageReference "RxSwift" */ = {
			isa = XCRemoteSwiftPackageReference;
			repositoryURL = "https://github.com/ReactiveX/RxSwift";
			requirement = {
				kind = upToNextMajorVersion;
				minimumVersion = 6.6.0;
			};
		};
/* End XCRemoteSwiftPackageReference section */

/* Begin XCVersionGroup section */
		2AED5D0A2BD1A4A800A74182 /* PremierLeagueX.xcdatamodeld */ = {
			isa = XCVersionGroup;
			children = (
				2AED5D0B2BD1A4A800A74182 /* PremierLeagueX.xcdatamodel */,
			);
			currentVersion = 2AED5D0B2BD1A4A800A74182 /* PremierLeagueX.xcdatamodel */;
			path = PremierLeagueX.xcdatamodeld;
			sourceTree = "<group>";
			versionGroupType = wrapper.xcdatamodel;
		};
/* End XCVersionGroup section */
	};
	rootObject = 2AED5CF62BD1A4A800A74182 /* Project object */;
}
